
Microsoft Visual Studio Solution File, Format Version 12.00
# Visual Studio Version 17
VisualStudioVersion = 17.5.002.0
MinimumVisualStudioVersion = 10.0.40219.1
Project("{9A19103F-16F7-4668-BE54-9A1E7A4F7556}") = "Atividade", "Atividade\Atividade.csproj", "{378A4DC1-BF35-4D7D-AEB2-B2FD9C44E0EB}"
EndProject
Global
	GlobalSection(SolutionConfigurationPlatforms) = preSolution
		Debug|Any CPU = Debug|Any CPU
		Release|Any CPU = Release|Any CPU
	EndGlobalSection
	GlobalSection(ProjectConfigurationPlatforms) = postSolution
		{378A4DC1-BF35-4D7D-AEB2-B2FD9C44E0EB}.Debug|Any CPU.ActiveCfg = Debug|Any CPU
		{378A4DC1-BF35-4D7D-AEB2-B2FD9C44E0EB}.Debug|Any CPU.Build.0 = Debug|Any CPU
		{378A4DC1-BF35-4D7D-AEB2-B2FD9C44E0EB}.Release|Any CPU.ActiveCfg = Release|Any CPU
		{378A4DC1-BF35-4D7D-AEB2-B2FD9C44E0EB}.Release|Any CPU.Build.0 = Release|Any CPU
	EndGlobalSection
	GlobalSection(SolutionProperties) = preSolution
		HideSolutionNode = FALSE
	EndGlobalSection
	GlobalSection(ExtensibilityGlobals) = postSolution
		SolutionGuid = {D207BDFE-A01F-425A-8FF1-83466BA07CA9}
	EndGlobalSection
EndGlobal
